// !$*UTF8*$!
{
	archiveVersion = 1;
	classes = {
	};
	objectVersion = 50;
	objects = {

/* Begin PBXFileReference section */
		388C5A7321A134E5005B60FF /* .DS_Store */ = {isa = PBXFileReference; lastKnownFileType = file; path = .DS_Store; sourceTree = "<group>"; };
		388C5A7421A134E5005B60FF /* test */ = {isa = PBXFileReference; lastKnownFileType = folder; path = test; sourceTree = "<group>"; };
		388C5A7521A134E5005B60FF /* bin */ = {isa = PBXFileReference; lastKnownFileType = folder; path = bin; sourceTree = "<group>"; };
		388C5A7621A134E5005B60FF /* makefile */ = {isa = PBXFileReference; lastKnownFileType = sourcecode.make; path = makefile; sourceTree = "<group>"; };
		388C5A7721A134E5005B60FF /* make_parser.sh */ = {isa = PBXFileReference; lastKnownFileType = text.script.sh; path = make_parser.sh; sourceTree = "<group>"; };
		388C5A7821A134E5005B60FF /* instructions.bin */ = {isa = PBXFileReference; lastKnownFileType = archive.macbinary; path = instructions.bin; sourceTree = "<group>"; };
		388C5A7921A134E5005B60FF /* run.sh */ = {isa = PBXFileReference; lastKnownFileType = text.script.sh; path = run.sh; sourceTree = "<group>"; };
		388C5A7A21A134E5005B60FF /* .gitignore */ = {isa = PBXFileReference; lastKnownFileType = text; path = .gitignore; sourceTree = "<group>"; };
		388C5A7B21A134E5005B60FF /* wibble.csv */ = {isa = PBXFileReference; lastKnownFileType = text; path = wibble.csv; sourceTree = "<group>"; };
		388C5A7C21A134E5005B60FF /* _config.yml */ = {isa = PBXFileReference; lastKnownFileType = text; path = _config.yml; sourceTree = "<group>"; };
		388C5A7D21A134E5005B60FF /* doc */ = {isa = PBXFileReference; lastKnownFileType = folder; path = doc; sourceTree = "<group>"; };
		388C5A7E21A134E5005B60FF /* build */ = {isa = PBXFileReference; lastKnownFileType = folder; path = build; sourceTree = "<group>"; };
		388C5A7F21A134E5005B60FF /* .git */ = {isa = PBXFileReference; lastKnownFileType = folder; path = .git; sourceTree = "<group>"; };
		388C5A8021A134E5005B60FF /* .vscode */ = {isa = PBXFileReference; lastKnownFileType = folder; path = .vscode; sourceTree = "<group>"; };
		388C5A8121A134E5005B60FF /* src */ = {isa = PBXFileReference; lastKnownFileType = folder; path = src; sourceTree = "<group>"; };
/* End PBXFileReference section */

/* Begin PBXGroup section */
		388C5A6D21A134E4005B60FF = {
			isa = PBXGroup;
			children = (
				388C5A7321A134E5005B60FF /* .DS_Store */,
				388C5A7421A134E5005B60FF /* test */,
				388C5A7521A134E5005B60FF /* bin */,
				388C5A7621A134E5005B60FF /* makefile */,
				388C5A7721A134E5005B60FF /* make_parser.sh */,
				388C5A7821A134E5005B60FF /* instructions.bin */,
				388C5A7921A134E5005B60FF /* run.sh */,
				388C5A7A21A134E5005B60FF /* .gitignore */,
				388C5A7B21A134E5005B60FF /* wibble.csv */,
				388C5A7C21A134E5005B60FF /* _config.yml */,
				388C5A7D21A134E5005B60FF /* doc */,
				388C5A7E21A134E5005B60FF /* build */,
				388C5A7F21A134E5005B60FF /* .git */,
				388C5A8021A134E5005B60FF /* .vscode */,
				388C5A8121A134E5005B60FF /* src */,
			);
			sourceTree = "<group>";
		};
/* End PBXGroup section */

/* Begin PBXLegacyTarget section */
		388C5A7221A134E4005B60FF /* MIPS_Simulator */ = {
			isa = PBXLegacyTarget;
			buildArgumentsString = "$(ACTION)";
			buildConfigurationList = 388C5A8221A134E5005B60FF /* Build configuration list for PBXLegacyTarget "MIPS_Simulator" */;
			buildPhases = (
			);
			buildToolPath = /usr/bin/make;
			buildWorkingDirectory = "/Users/ethansarif-kattan/codeProjects/2ndYearEIE/MIPS_Simulator";
			dependencies = (
			);
			name = MIPS_Simulator;
			passBuildSettingsInEnvironment = 1;
			productName = MIPS_Simulator;
		};
/* End PBXLegacyTarget section */

/* Begin PBXProject section */
		388C5A6E21A134E4005B60FF /* Project object */ = {
			isa = PBXProject;
			attributes = {
			};
			buildConfigurationList = 388C5A7121A134E4005B60FF /* Build configuration list for PBXProject "MIPS_Simulator" */;
			compatibilityVersion = "Xcode 9.3";
			developmentRegion = en;
			hasScannedForEncodings = 0;
			knownRegions = (
				en,
			);
			mainGroup = 388C5A6D21A134E4005B60FF;
			projectDirPath = "";
			projectRoot = "";
			targets = (
				388C5A7221A134E4005B60FF /* MIPS_Simulator */,
			);
		};
/* End PBXProject section */

/* Begin XCBuildConfiguration section */
		388C5A6F21A134E4005B60FF /* Debug */ = {
			isa = XCBuildConfiguration;
			buildSettings = {
				ARCHS = "$(ARCHS_STANDARD_32_BIT)";
				COPY_PHASE_STRIP = NO;
				GCC_WARN_ABOUT_RETURN_TYPE = YES;
				GCC_WARN_UNUSED_VARIABLE = YES;
				ONLY_ACTIVE_ARCH = YES;
				SDKROOT = macosx10.6;
			};
			name = Debug;
		};
		388C5A7021A134E4005B60FF /* Release */ = {
			isa = XCBuildConfiguration;
			buildSettings = {
				ARCHS = "$(ARCHS_STANDARD_32_BIT)";
				COPY_PHASE_STRIP = YES;
				GCC_WARN_ABOUT_RETURN_TYPE = YES;
				GCC_WARN_UNUSED_VARIABLE = YES;
				SDKROOT = macosx10.6;
			};
			name = Release;
		};
		388C5A8321A134E5005B60FF /* Debug */ = {
			isa = XCBuildConfiguration;
			buildSettings = {
				COPY_PHASE_STRIP = NO;
				DEBUGGING_SYMBOLS = YES;
				GCC_DYNAMIC_NO_PIC = NO;
				GCC_ENABLE_FIX_AND_CONTINUE = YES;
				GCC_GENERATE_DEBUGGING_SYMBOLS = YES;
				GCC_OPTIMIZATION_LEVEL = 0;
				OTHER_CFLAGS = "";
				OTHER_LDFLAGS = "";
				PRODUCT_NAME = MIPS_Simulator;
			};
			name = Debug;
		};
		388C5A8421A134E5005B60FF /* Release */ = {
			isa = XCBuildConfiguration;
			buildSettings = {
				COPY_PHASE_STRIP = YES;
				DEBUG_INFORMATION_FORMAT = "dwarf-with-dsym";
				GCC_ENABLE_FIX_AND_CONTINUE = NO;
				OTHER_CFLAGS = "";
				OTHER_LDFLAGS = "";
				PRODUCT_NAME = MIPS_Simulator;
			};
			name = Release;
		};
/* End XCBuildConfiguration section */

/* Begin XCConfigurationList section */
		388C5A7121A134E4005B60FF /* Build configuration list for PBXProject "MIPS_Simulator" */ = {
			isa = XCConfigurationList;
			buildConfigurations = (
				388C5A6F21A134E4005B60FF /* Debug */,
				388C5A7021A134E4005B60FF /* Release */,
			);
			defaultConfigurationIsVisible = 0;
			defaultConfigurationName = Release;
		};
		388C5A8221A134E5005B60FF /* Build configuration list for PBXLegacyTarget "MIPS_Simulator" */ = {
			isa = XCConfigurationList;
			buildConfigurations = (
				388C5A8321A134E5005B60FF /* Debug */,
				388C5A8421A134E5005B60FF /* Release */,
			);
			defaultConfigurationIsVisible = 0;
			defaultConfigurationName = Release;
		};
/* End XCConfigurationList section */
	};
	rootObject = 388C5A6E21A134E4005B60FF /* Project object */;
}
